
Microsoft Visual Studio Solution File, Format Version 12.00
Project("{FAE04EC0-301F-11D3-BF4B-00C04F79EFBC}") = "Simple CRUD API", "Simple CRUD API\Simple CRUD API.csproj", "{975B5E87-48A3-4650-8D95-EF8720757CA4}"
EndProject
Project("{FAE04EC0-301F-11D3-BF4B-00C04F79EFBC}") = "BookLibrary", "..\..\Assignment-1-library\BookLibrary\BookLibrary.csproj", "{EBFE9E14-0E15-4DBD-9881-11D05ADE9AE7}"
EndProject
Global
	GlobalSection(SolutionConfigurationPlatforms) = preSolution
		Debug|Any CPU = Debug|Any CPU
		Release|Any CPU = Release|Any CPU
	EndGlobalSection
	GlobalSection(ProjectConfigurationPlatforms) = postSolution
		{975B5E87-48A3-4650-8D95-EF8720757CA4}.Debug|Any CPU.ActiveCfg = Debug|Any CPU
		{975B5E87-48A3-4650-8D95-EF8720757CA4}.Debug|Any CPU.Build.0 = Debug|Any CPU
		{975B5E87-48A3-4650-8D95-EF8720757CA4}.Release|Any CPU.ActiveCfg = Release|Any CPU
		{975B5E87-48A3-4650-8D95-EF8720757CA4}.Release|Any CPU.Build.0 = Release|Any CPU
		{EBFE9E14-0E15-4DBD-9881-11D05ADE9AE7}.Debug|Any CPU.ActiveCfg = Debug|Any CPU
		{EBFE9E14-0E15-4DBD-9881-11D05ADE9AE7}.Debug|Any CPU.Build.0 = Debug|Any CPU
		{EBFE9E14-0E15-4DBD-9881-11D05ADE9AE7}.Release|Any CPU.ActiveCfg = Release|Any CPU
		{EBFE9E14-0E15-4DBD-9881-11D05ADE9AE7}.Release|Any CPU.Build.0 = Release|Any CPU
	EndGlobalSection
EndGlobal
